PODS:
  - AsyncDisplayKit (1.0):
    - AsyncDisplayKit/ASDealloc2MainObject
  - AsyncDisplayKit/ASDealloc2MainObject (1.0)

DEPENDENCIES:
  - AsyncDisplayKit (from `../..`)

EXTERNAL SOURCES:
  AsyncDisplayKit:
    :path: ../..

SPEC CHECKSUMS:
  AsyncDisplayKit: 66dbbaf25d0be97513e08453d654f29a84b52675

COCOAPODS: 0.34.2
